// !$*UTF8*$!
{
	archiveVersion = 1;
	classes = {
	};
	objectVersion = 50;
	objects = {

/* Begin PBXBuildFile section */
		596C637824CDBFD20091DD94 /* Constants.swift in Sources */ = {isa = PBXBuildFile; fileRef = 596C637724CDBFD20091DD94 /* Constants.swift */; };
		59C6256A24CAE2F4005BE0FB /* AppDelegate.swift in Sources */ = {isa = PBXBuildFile; fileRef = 59C6256924CAE2F4005BE0FB /* AppDelegate.swift */; };
		59C6256C24CAE2F4005BE0FB /* SceneDelegate.swift in Sources */ = {isa = PBXBuildFile; fileRef = 59C6256B24CAE2F4005BE0FB /* SceneDelegate.swift */; };
		59C6256E24CAE2F4005BE0FB /* MainVC.swift in Sources */ = {isa = PBXBuildFile; fileRef = 59C6256D24CAE2F4005BE0FB /* MainVC.swift */; };
		59C6257124CAE2F4005BE0FB /* Main.storyboard in Resources */ = {isa = PBXBuildFile; fileRef = 59C6256F24CAE2F4005BE0FB /* Main.storyboard */; };
		59C6257324CAE2F5005BE0FB /* Assets.xcassets in Resources */ = {isa = PBXBuildFile; fileRef = 59C6257224CAE2F5005BE0FB /* Assets.xcassets */; };
		59C6257624CAE2F5005BE0FB /* LaunchScreen.storyboard in Resources */ = {isa = PBXBuildFile; fileRef = 59C6257424CAE2F5005BE0FB /* LaunchScreen.storyboard */; };
		59C6258224CB17E0005BE0FB /* RandomNumber.swift in Sources */ = {isa = PBXBuildFile; fileRef = 59C6258124CB17E0005BE0FB /* RandomNumber.swift */; };
		59C6258424CB2A58005BE0FB /* CustomCell.swift in Sources */ = {isa = PBXBuildFile; fileRef = 59C6258324CB2A58005BE0FB /* CustomCell.swift */; };
/* End PBXBuildFile section */

/* Begin PBXFileReference section */
		596C637724CDBFD20091DD94 /* Constants.swift */ = {isa = PBXFileReference; lastKnownFileType = sourcecode.swift; path = Constants.swift; sourceTree = "<group>"; };
		59C6256624CAE2F4005BE0FB /* GuessGame.app */ = {isa = PBXFileReference; explicitFileType = wrapper.application; includeInIndex = 0; path = GuessGame.app; sourceTree = BUILT_PRODUCTS_DIR; };
		59C6256924CAE2F4005BE0FB /* AppDelegate.swift */ = {isa = PBXFileReference; lastKnownFileType = sourcecode.swift; path = AppDelegate.swift; sourceTree = "<group>"; };
		59C6256B24CAE2F4005BE0FB /* SceneDelegate.swift */ = {isa = PBXFileReference; lastKnownFileType = sourcecode.swift; path = SceneDelegate.swift; sourceTree = "<group>"; };
		59C6256D24CAE2F4005BE0FB /* MainVC.swift */ = {isa = PBXFileReference; lastKnownFileType = sourcecode.swift; path = MainVC.swift; sourceTree = "<group>"; };
		59C6257024CAE2F4005BE0FB /* Base */ = {isa = PBXFileReference; lastKnownFileType = file.storyboard; name = Base; path = Base.lproj/Main.storyboard; sourceTree = "<group>"; };
		59C6257224CAE2F5005BE0FB /* Assets.xcassets */ = {isa = PBXFileReference; lastKnownFileType = folder.assetcatalog; path = Assets.xcassets; sourceTree = "<group>"; };
		59C6257524CAE2F5005BE0FB /* Base */ = {isa = PBXFileReference; lastKnownFileType = file.storyboard; name = Base; path = Base.lproj/LaunchScreen.storyboard; sourceTree = "<group>"; };
		59C6257724CAE2F5005BE0FB /* Info.plist */ = {isa = PBXFileReference; lastKnownFileType = text.plist.xml; path = Info.plist; sourceTree = "<group>"; };
		59C6258124CB17E0005BE0FB /* RandomNumber.swift */ = {isa = PBXFileReference; lastKnownFileType = sourcecode.swift; path = RandomNumber.swift; sourceTree = "<group>"; };
		59C6258324CB2A58005BE0FB /* CustomCell.swift */ = {isa = PBXFileReference; lastKnownFileType = sourcecode.swift; path = CustomCell.swift; sourceTree = "<group>"; };
/* End PBXFileReference section */

/* Begin PBXFrameworksBuildPhase section */
		59C6256324CAE2F4005BE0FB /* Frameworks */ = {
			isa = PBXFrameworksBuildPhase;
			buildActionMask = 2147483647;
			files = (
			);
			runOnlyForDeploymentPostprocessing = 0;
		};
/* End PBXFrameworksBuildPhase section */

/* Begin PBXGroup section */
		59C6255D24CAE2F4005BE0FB = {
			isa = PBXGroup;
			children = (
				59C6256824CAE2F4005BE0FB /* GuessGame */,
				59C6256724CAE2F4005BE0FB /* Products */,
			);
			sourceTree = "<group>";
		};
		59C6256724CAE2F4005BE0FB /* Products */ = {
			isa = PBXGroup;
			children = (
				59C6256624CAE2F4005BE0FB /* GuessGame.app */,
			);
			name = Products;
			sourceTree = "<group>";
		};
		59C6256824CAE2F4005BE0FB /* GuessGame */ = {
			isa = PBXGroup;
			children = (
				59C6257224CAE2F5005BE0FB /* Assets.xcassets */,
				59C6258024CAE430005BE0FB /* Commons */,
				59C6257F24CAE429005BE0FB /* Model */,
				59C6257E24CAE425005BE0FB /* View */,
				59C6257D24CAE416005BE0FB /* Controller */,
				59C6257724CAE2F5005BE0FB /* Info.plist */,
			);
			path = GuessGame;
			sourceTree = "<group>";
		};
		59C6257D24CAE416005BE0FB /* Controller */ = {
			isa = PBXGroup;
			children = (
				59C6256D24CAE2F4005BE0FB /* MainVC.swift */,
			);
			path = Controller;
			sourceTree = "<group>";
		};
		59C6257E24CAE425005BE0FB /* View */ = {
			isa = PBXGroup;
			children = (
				59C6258124CB17E0005BE0FB /* RandomNumber.swift */,
				59C6258324CB2A58005BE0FB /* CustomCell.swift */,
			);
			path = View;
			sourceTree = "<group>";
		};
		59C6257F24CAE429005BE0FB /* Model */ = {
			isa = PBXGroup;
			children = (
			);
			path = Model;
			sourceTree = "<group>";
		};
		59C6258024CAE430005BE0FB /* Commons */ = {
			isa = PBXGroup;
			children = (
				59C6256924CAE2F4005BE0FB /* AppDelegate.swift */,
				59C6256F24CAE2F4005BE0FB /* Main.storyboard */,
				59C6257424CAE2F5005BE0FB /* LaunchScreen.storyboard */,
				59C6256B24CAE2F4005BE0FB /* SceneDelegate.swift */,
				596C637724CDBFD20091DD94 /* Constants.swift */,
			);
			path = Commons;
			sourceTree = "<group>";
		};
/* End PBXGroup section */

/* Begin PBXNativeTarget section */
		59C6256524CAE2F4005BE0FB /* GuessGame */ = {
			isa = PBXNativeTarget;
			buildConfigurationList = 59C6257A24CAE2F5005BE0FB /* Build configuration list for PBXNativeTarget "GuessGame" */;
			buildPhases = (
				59C6256224CAE2F4005BE0FB /* Sources */,
				59C6256324CAE2F4005BE0FB /* Frameworks */,
				59C6256424CAE2F4005BE0FB /* Resources */,
			);
			buildRules = (
			);
			dependencies = (
			);
			name = GuessGame;
			productName = GuessGame;
			productReference = 59C6256624CAE2F4005BE0FB /* GuessGame.app */;
			productType = "com.apple.product-type.application";
		};
/* End PBXNativeTarget section */

/* Begin PBXProject section */
		59C6255E24CAE2F4005BE0FB /* Project object */ = {
			isa = PBXProject;
			attributes = {
				LastSwiftUpdateCheck = 1150;
				LastUpgradeCheck = 1150;
				ORGANIZATIONNAME = "zeynep tokcan";
				TargetAttributes = {
					59C6256524CAE2F4005BE0FB = {
						CreatedOnToolsVersion = 11.5;
					};
				};
			};
			buildConfigurationList = 59C6256124CAE2F4005BE0FB /* Build configuration list for PBXProject "GuessGame" */;
			compatibilityVersion = "Xcode 9.3";
			developmentRegion = en;
			hasScannedForEncodings = 0;
			knownRegions = (
				en,
				Base,
			);
			mainGroup = 59C6255D24CAE2F4005BE0FB;
			productRefGroup = 59C6256724CAE2F4005BE0FB /* Products */;
			projectDirPath = "";
			projectRoot = "";
			targets = (
				59C6256524CAE2F4005BE0FB /* GuessGame */,
			);
		};
/* End PBXProject section */

/* Begin PBXResourcesBuildPhase section */
		59C6256424CAE2F4005BE0FB /* Resources */ = {
			isa = PBXResourcesBuildPhase;
			buildActionMask = 2147483647;
			files = (
				59C6257624CAE2F5005BE0FB /* LaunchScreen.storyboard in Resources */,
				59C6257324CAE2F5005BE0FB /* Assets.xcassets in Resources */,
				59C6257124CAE2F4005BE0FB /* Main.storyboard in Resources */,
			);
			runOnlyForDeploymentPostprocessing = 0;
		};
/* End PBXResourcesBuildPhase section */

/* Begin PBXSourcesBuildPhase section */
		59C6256224CAE2F4005BE0FB /* Sources */ = {
			isa = PBXSourcesBuildPhase;
			buildActionMask = 2147483647;
			files = (
				59C6256E24CAE2F4005BE0FB /* MainVC.swift in Sources */,
				59C6256A24CAE2F4005BE0FB /* AppDelegate.swift in Sources */,
				59C6258424CB2A58005BE0FB /* CustomCell.swift in Sources */,
				59C6256C24CAE2F4005BE0FB /* SceneDelegate.swift in Sources */,
				59C6258224CB17E0005BE0FB /* RandomNumber.swift in Sources */,
				596C637824CDBFD20091DD94 /* Constants.swift in Sources */,
			);
			runOnlyForDeploymentPostprocessing = 0;
		};
/* End PBXSourcesBuildPhase section */

/* Begin PBXVariantGroup section */
		59C6256F24CAE2F4005BE0FB /* Main.storyboard */ = {
			isa = PBXVariantGroup;
			children = (
				59C6257024CAE2F4005BE0FB /* Base */,
			);
			name = Main.storyboard;
			sourceTree = "<group>";
		};
		59C6257424CAE2F5005BE0FB /* LaunchScreen.storyboard */ = {
			isa = PBXVariantGroup;
			children = (
				59C6257524CAE2F5005BE0FB /* Base */,
			);
			name = LaunchScreen.storyboard;
			sourceTree = "<group>";
		};
/* End PBXVariantGroup section */

/* Begin XCBuildConfiguration section */
		59C6257824CAE2F5005BE0FB /* Debug */ = {
			isa = XCBuildConfiguration;
			buildSettings = {
				ALWAYS_SEARCH_USER_PATHS = NO;
				CLANG_ANALYZER_NONNULL = YES;
				CLANG_ANALYZER_NUMBER_OBJECT_CONVERSION = YES_AGGRESSIVE;
				CLANG_CXX_LANGUAGE_STANDARD = "gnu++14";
				CLANG_CXX_LIBRARY = "libc++";
				CLANG_ENABLE_MODULES = YES;
				CLANG_ENABLE_OBJC_ARC = YES;
				CLANG_ENABLE_OBJC_WEAK = YES;
				CLANG_WARN_BLOCK_CAPTURE_AUTORELEASING = YES;
				CLANG_WARN_BOOL_CONVERSION = YES;
				CLANG_WARN_COMMA = YES;
				CLANG_WARN_CONSTANT_CONVERSION = YES;
				CLANG_WARN_DEPRECATED_OBJC_IMPLEMENTATIONS = YES;
				CLANG_WARN_DIRECT_OBJC_ISA_USAGE = YES_ERROR;
				CLANG_WARN_DOCUMENTATION_COMMENTS = YES;
				CLANG_WARN_EMPTY_BODY = YES;
				CLANG_WARN_ENUM_CONVERSION = YES;
				CLANG_WARN_INFINITE_RECURSION = YES;
				CLANG_WARN_INT_CONVERSION = YES;
				CLANG_WARN_NON_LITERAL_NULL_CONVERSION = YES;
				CLANG_WARN_OBJC_IMPLICIT_RETAIN_SELF = YES;
				CLANG_WARN_OBJC_LITERAL_CONVERSION = YES;
				CLANG_WARN_OBJC_ROOT_CLASS = YES_ERROR;
				CLANG_WARN_RANGE_LOOP_ANALYSIS = YES;
				CLANG_WARN_STRICT_PROTOTYPES = YES;
				CLANG_WARN_SUSPICIOUS_MOVE = YES;
				CLANG_WARN_UNGUARDED_AVAILABILITY = YES_AGGRESSIVE;
				CLANG_WARN_UNREACHABLE_CODE = YES;
				CLANG_WARN__DUPLICATE_METHOD_MATCH = YES;
				COPY_PHASE_STRIP = NO;
				DEBUG_INFORMATION_FORMAT = dwarf;
				ENABLE_STRICT_OBJC_MSGSEND = YES;
				ENABLE_TESTABILITY = YES;
				GCC_C_LANGUAGE_STANDARD = gnu11;
				GCC_DYNAMIC_NO_PIC = NO;
				GCC_NO_COMMON_BLOCKS = YES;
				GCC_OPTIMIZATION_LEVEL = 0;
				GCC_PREPROCESSOR_DEFINITIONS = (
					"DEBUG=1",
					"$(inherited)",
				);
				GCC_WARN_64_TO_32_BIT_CONVERSION = YES;
				GCC_WARN_ABOUT_RETURN_TYPE = YES_ERROR;
				GCC_WARN_UNDECLARED_SELECTOR = YES;
				GCC_WARN_UNINITIALIZED_AUTOS = YES_AGGRESSIVE;
				GCC_WARN_UNUSED_FUNCTION = YES;
				GCC_WARN_UNUSED_VARIABLE = YES;
				IPHONEOS_DEPLOYMENT_TARGET = 13.0;
				MTL_ENABLE_DEBUG_INFO = INCLUDE_SOURCE;
				MTL_FAST_MATH = YES;
				ONLY_ACTIVE_ARCH = YES;
				SDKROOT = iphoneos;
				SWIFT_ACTIVE_COMPILATION_CONDITIONS = DEBUG;
				SWIFT_OPTIMIZATION_LEVEL = "-Onone";
			};
			name = Debug;
		};
		59C6257924CAE2F5005BE0FB /* Release */ = {
			isa = XCBuildConfiguration;
			buildSettings = {
				ALWAYS_SEARCH_USER_PATHS = NO;
				CLANG_ANALYZER_NONNULL = YES;
				CLANG_ANALYZER_NUMBER_OBJECT_CONVERSION = YES_AGGRESSIVE;
				CLANG_CXX_LANGUAGE_STANDARD = "gnu++14";
				CLANG_CXX_LIBRARY = "libc++";
				CLANG_ENABLE_MODULES = YES;
				CLANG_ENABLE_OBJC_ARC = YES;
				CLANG_ENABLE_OBJC_WEAK = YES;
				CLANG_WARN_BLOCK_CAPTURE_AUTORELEASING = YES;
				CLANG_WARN_BOOL_CONVERSION = YES;
				CLANG_WARN_COMMA = YES;
				CLANG_WARN_CONSTANT_CONVERSION = YES;
				CLANG_WARN_DEPRECATED_OBJC_IMPLEMENTATIONS = YES;
				CLANG_WARN_DIRECT_OBJC_ISA_USAGE = YES_ERROR;
				CLANG_WARN_DOCUMENTATION_COMMENTS = YES;
				CLANG_WARN_EMPTY_BODY = YES;
				CLANG_WARN_ENUM_CONVERSION = YES;
				CLANG_WARN_INFINITE_RECURSION = YES;
				CLANG_WARN_INT_CONVERSION = YES;
				CLANG_WARN_NON_LITERAL_NULL_CONVERSION = YES;
				CLANG_WARN_OBJC_IMPLICIT_RETAIN_SELF = YES;
				CLANG_WARN_OBJC_LITERAL_CONVERSION = YES;
				CLANG_WARN_OBJC_ROOT_CLASS = YES_ERROR;
				CLANG_WARN_RANGE_LOOP_ANALYSIS = YES;
				CLANG_WARN_STRICT_PROTOTYPES = YES;
				CLANG_WARN_SUSPICIOUS_MOVE = YES;
				CLANG_WARN_UNGUARDED_AVAILABILITY = YES_AGGRESSIVE;
				CLANG_WARN_UNREACHABLE_CODE = YES;
				CLANG_WARN__DUPLICATE_METHOD_MATCH = YES;
				COPY_PHASE_STRIP = NO;
				DEBUG_INFORMATION_FORMAT = "dwarf-with-dsym";
				ENABLE_NS_ASSERTIONS = NO;
				ENABLE_STRICT_OBJC_MSGSEND = YES;
				GCC_C_LANGUAGE_STANDARD = gnu11;
				GCC_NO_COMMON_BLOCKS = YES;
				GCC_WARN_64_TO_32_BIT_CONVERSION = YES;
				GCC_WARN_ABOUT_RETURN_TYPE = YES_ERROR;
				GCC_WARN_UNDECLARED_SELECTOR = YES;
				GCC_WARN_UNINITIALIZED_AUTOS = YES_AGGRESSIVE;
				GCC_WARN_UNUSED_FUNCTION = YES;
				GCC_WARN_UNUSED_VARIABLE = YES;
				IPHONEOS_DEPLOYMENT_TARGET = 13.0;
				MTL_ENABLE_DEBUG_INFO = NO;
				MTL_FAST_MATH = YES;
				SDKROOT = iphoneos;
				SWIFT_COMPILATION_MODE = wholemodule;
				SWIFT_OPTIMIZATION_LEVEL = "-O";
				VALIDATE_PRODUCT = YES;
			};
			name = Release;
		};
		59C6257B24CAE2F5005BE0FB /* Debug */ = {
			isa = XCBuildConfiguration;
			buildSettings = {
				ASSETCATALOG_COMPILER_APPICON_NAME = AppIcon;
				CODE_SIGN_STYLE = Automatic;
				DEVELOPMENT_TEAM = F966A2BH3H;
				INFOPLIST_FILE = GuessGame/Info.plist;
				LD_RUNPATH_SEARCH_PATHS = (
					"$(inherited)",
					"@executable_path/Frameworks",
				);
				PRODUCT_BUNDLE_IDENTIFIER = dzeynept.GuessGame;
				PRODUCT_NAME = "$(TARGET_NAME)";
				SWIFT_VERSION = 5.0;
				TARGETED_DEVICE_FAMILY = "1,2";
			};
			name = Debug;
		};
		59C6257C24CAE2F5005BE0FB /* Release */ = {
			isa = XCBuildConfiguration;
			buildSettings = {
				ASSETCATALOG_COMPILER_APPICON_NAME = AppIcon;
				CODE_SIGN_STYLE = Automatic;
				DEVELOPMENT_TEAM = F966A2BH3H;
				INFOPLIST_FILE = GuessGame/Info.plist;
				LD_RUNPATH_SEARCH_PATHS = (
					"$(inherited)",
					"@executable_path/Frameworks",
				);
				PRODUCT_BUNDLE_IDENTIFIER = dzeynept.GuessGame;
				PRODUCT_NAME = "$(TARGET_NAME)";
				SWIFT_VERSION = 5.0;
				TARGETED_DEVICE_FAMILY = "1,2";
			};
			name = Release;
		};
/* End XCBuildConfiguration section */

/* Begin XCConfigurationList section */
		59C6256124CAE2F4005BE0FB /* Build configuration list for PBXProject "GuessGame" */ = {
			isa = XCConfigurationList;
			buildConfigurations = (
				59C6257824CAE2F5005BE0FB /* Debug */,
				59C6257924CAE2F5005BE0FB /* Release */,
			);
			defaultConfigurationIsVisible = 0;
			defaultConfigurationName = Release;
		};
		59C6257A24CAE2F5005BE0FB /* Build configuration list for PBXNativeTarget "GuessGame" */ = {
			isa = XCConfigurationList;
			buildConfigurations = (
				59C6257B24CAE2F5005BE0FB /* Debug */,
				59C6257C24CAE2F5005BE0FB /* Release */,
			);
			defaultConfigurationIsVisible = 0;
			defaultConfigurationName = Release;
		};
/* End XCConfigurationList section */
	};
	rootObject = 59C6255E24CAE2F4005BE0FB /* Project object */;
}
